
Microsoft Visual Studio Solution File, Format Version 12.00
# Visual Studio Version 17
VisualStudioVersion = 17.11.35327.3
MinimumVisualStudioVersion = 10.0.40219.1
Project("{FAE04EC0-301F-11D3-BF4B-00C04F79EFBC}") = "Client", "Client\Client.csproj", "{24352D8A-D418-45B8-A148-B5D2FACF0494}"
EndProject
Project("{FAE04EC0-301F-11D3-BF4B-00C04F79EFBC}") = "TimerService", "TimerService\TimerService.csproj", "{C2A6E33F-4865-4013-8FF7-77C96EE2C1CC}"
EndProject
Project("{FAE04EC0-301F-11D3-BF4B-00C04F79EFBC}") = "Contracts", "Contracts\Contracts.csproj", "{4CAF421A-C27B-4833-A8B5-D38015F637EC}"
EndProject
Project("{FAE04EC0-301F-11D3-BF4B-00C04F79EFBC}") = "Manager", "Manager\Manager.csproj", "{DCE3EC04-921C-4BC8-900C-8C0BFF9D1754}"
EndProject
Global
	GlobalSection(SolutionConfigurationPlatforms) = preSolution
		Debug|Any CPU = Debug|Any CPU
		Release|Any CPU = Release|Any CPU
	EndGlobalSection
	GlobalSection(ProjectConfigurationPlatforms) = postSolution
		{24352D8A-D418-45B8-A148-B5D2FACF0494}.Debug|Any CPU.ActiveCfg = Debug|Any CPU
		{24352D8A-D418-45B8-A148-B5D2FACF0494}.Debug|Any CPU.Build.0 = Debug|Any CPU
		{24352D8A-D418-45B8-A148-B5D2FACF0494}.Release|Any CPU.ActiveCfg = Release|Any CPU
		{24352D8A-D418-45B8-A148-B5D2FACF0494}.Release|Any CPU.Build.0 = Release|Any CPU
		{C2A6E33F-4865-4013-8FF7-77C96EE2C1CC}.Debug|Any CPU.ActiveCfg = Debug|Any CPU
		{C2A6E33F-4865-4013-8FF7-77C96EE2C1CC}.Debug|Any CPU.Build.0 = Debug|Any CPU
		{C2A6E33F-4865-4013-8FF7-77C96EE2C1CC}.Release|Any CPU.ActiveCfg = Release|Any CPU
		{C2A6E33F-4865-4013-8FF7-77C96EE2C1CC}.Release|Any CPU.Build.0 = Release|Any CPU
		{4CAF421A-C27B-4833-A8B5-D38015F637EC}.Debug|Any CPU.ActiveCfg = Debug|Any CPU
		{4CAF421A-C27B-4833-A8B5-D38015F637EC}.Debug|Any CPU.Build.0 = Debug|Any CPU
		{4CAF421A-C27B-4833-A8B5-D38015F637EC}.Release|Any CPU.ActiveCfg = Release|Any CPU
		{4CAF421A-C27B-4833-A8B5-D38015F637EC}.Release|Any CPU.Build.0 = Release|Any CPU
		{DCE3EC04-921C-4BC8-900C-8C0BFF9D1754}.Debug|Any CPU.ActiveCfg = Debug|Any CPU
		{DCE3EC04-921C-4BC8-900C-8C0BFF9D1754}.Debug|Any CPU.Build.0 = Debug|Any CPU
		{DCE3EC04-921C-4BC8-900C-8C0BFF9D1754}.Release|Any CPU.ActiveCfg = Release|Any CPU
		{DCE3EC04-921C-4BC8-900C-8C0BFF9D1754}.Release|Any CPU.Build.0 = Release|Any CPU
	EndGlobalSection
	GlobalSection(SolutionProperties) = preSolution
		HideSolutionNode = FALSE
	EndGlobalSection
	GlobalSection(ExtensibilityGlobals) = postSolution
		SolutionGuid = {65F01C18-EE81-4241-AE87-583F37DF9299}
	EndGlobalSection
EndGlobal
